
Microsoft Visual Studio Solution File, Format Version 12.00
# Visual Studio Version 16
VisualStudioVersion = 16.0.30804.86
MinimumVisualStudioVersion = 10.0.40219.1
Project("{FAE04EC0-301F-11D3-BF4B-00C04F79EFBC}") = "Temakeria", "Temakeria\Temakeria.csproj", "{73EDDF81-A6D3-4EE3-AA80-1EE95346073E}"
EndProject
Global
	GlobalSection(SolutionConfigurationPlatforms) = preSolution
		Debug|Any CPU = Debug|Any CPU
		Release|Any CPU = Release|Any CPU
	EndGlobalSection
	GlobalSection(ProjectConfigurationPlatforms) = postSolution
		{73EDDF81-A6D3-4EE3-AA80-1EE95346073E}.Debug|Any CPU.ActiveCfg = Debug|Any CPU
		{73EDDF81-A6D3-4EE3-AA80-1EE95346073E}.Debug|Any CPU.Build.0 = Debug|Any CPU
		{73EDDF81-A6D3-4EE3-AA80-1EE95346073E}.Release|Any CPU.ActiveCfg = Release|Any CPU
		{73EDDF81-A6D3-4EE3-AA80-1EE95346073E}.Release|Any CPU.Build.0 = Release|Any CPU
	EndGlobalSection
	GlobalSection(SolutionProperties) = preSolution
		HideSolutionNode = FALSE
	EndGlobalSection
	GlobalSection(ExtensibilityGlobals) = postSolution
		SolutionGuid = {8256CE53-3276-4352-8B3A-58D102E796DC}
	EndGlobalSection
EndGlobal
